Microsoft Visual Studio Solution File, Format Version 12.00
# Visual Studio Version 17
VisualStudioVersion = 17.5.2.0
MinimumVisualStudioVersion = 10.0.40219.1
Project("{FAE04EC0-301F-11D3-BF4B-00C04F79EFBC}") = "UniversityCoordinationSystem", "UniversityCoordinationSystem.csproj", "{B2BF846F-D04D-0A5C-A3AA-57731ED7BA96}"
EndProject
Global
	GlobalSection(SolutionConfigurationPlatforms) = preSolution
		Debug|Any CPU = Debug|Any CPU
		Release|Any CPU = Release|Any CPU
	EndGlobalSection
	GlobalSection(ProjectConfigurationPlatforms) = postSolution
		{B2BF846F-D04D-0A5C-A3AA-57731ED7BA96}.Debug|Any CPU.ActiveCfg = Debug|Any CPU
		{B2BF846F-D04D-0A5C-A3AA-57731ED7BA96}.Debug|Any CPU.Build.0 = Debug|Any CPU
		{B2BF846F-D04D-0A5C-A3AA-57731ED7BA96}.Release|Any CPU.ActiveCfg = Release|Any CPU
		{B2BF846F-D04D-0A5C-A3AA-57731ED7BA96}.Release|Any CPU.Build.0 = Release|Any CPU
	EndGlobalSection
	GlobalSection(SolutionProperties) = preSolution
		HideSolutionNode = FALSE
	EndGlobalSection
	GlobalSection(ExtensibilityGlobals) = postSolution
		SolutionGuid = {1AEC9A9F-9B0D-4E65-9AB7-A5D3A0E7347F}
	EndGlobalSection
EndGlobal
